// !$*UTF8*$!
{
	archiveVersion = 1;
	classes = {
	};
	objectVersion = 51;
	objects = {

/* Begin PBXBuildFile section */
		B33A5F63258E38E1002A53CE /* UIApplication+Utility.swift in Sources */ = {isa = PBXBuildFile; fileRef = B33A5F62258E38E1002A53CE /* UIApplication+Utility.swift */; };
		B33A5F6F258E4FF0002A53CE /* CartRouter.swift in Sources */ = {isa = PBXBuildFile; fileRef = B33A5F6E258E4FF0002A53CE /* CartRouter.swift */; };
		B33A5F72258E5002002A53CE /* CartProtocols.swift in Sources */ = {isa = PBXBuildFile; fileRef = B33A5F71258E5002002A53CE /* CartProtocols.swift */; };
		B33A5F75258E5125002A53CE /* CartPresenter.swift in Sources */ = {isa = PBXBuildFile; fileRef = B33A5F74258E5125002A53CE /* CartPresenter.swift */; };
		B33A5F78258E5186002A53CE /* CartInteractor.swift in Sources */ = {isa = PBXBuildFile; fileRef = B33A5F77258E5186002A53CE /* CartInteractor.swift */; };
		B348F571258E59D800463B4B /* UIViewController+Utility.swift in Sources */ = {isa = PBXBuildFile; fileRef = B348F570258E59D800463B4B /* UIViewController+Utility.swift */; };
		B348F579258E6F7200463B4B /* MenuRouter.swift in Sources */ = {isa = PBXBuildFile; fileRef = B348F578258E6F7200463B4B /* MenuRouter.swift */; };
		B348F57C258E6F7900463B4B /* MenuInteractor.swift in Sources */ = {isa = PBXBuildFile; fileRef = B348F57B258E6F7900463B4B /* MenuInteractor.swift */; };
		B348F57F258E6F8300463B4B /* MenuProtocols.swift in Sources */ = {isa = PBXBuildFile; fileRef = B348F57E258E6F8300463B4B /* MenuProtocols.swift */; };
		B348F582258E6F8A00463B4B /* MenuPresenter.swift in Sources */ = {isa = PBXBuildFile; fileRef = B348F581258E6F8A00463B4B /* MenuPresenter.swift */; };
		B3683311258D27DA00538209 /* CartViewController.swift in Sources */ = {isa = PBXBuildFile; fileRef = B3683310258D27DA00538209 /* CartViewController.swift */; };
		B3683316258D281000538209 /* CartItemTableViewCell.swift in Sources */ = {isa = PBXBuildFile; fileRef = B3683314258D281000538209 /* CartItemTableViewCell.swift */; };
		B3683317258D281000538209 /* CartItemTableViewCell.xib in Resources */ = {isa = PBXBuildFile; fileRef = B3683315258D281000538209 /* CartItemTableViewCell.xib */; };
		B368331C258D295300538209 /* CartTotalValueTableViewCell.swift in Sources */ = {isa = PBXBuildFile; fileRef = B368331A258D295300538209 /* CartTotalValueTableViewCell.swift */; };
		B368331D258D295300538209 /* CartTotalValueTableViewCell.xib in Resources */ = {isa = PBXBuildFile; fileRef = B368331B258D295300538209 /* CartTotalValueTableViewCell.xib */; };
		B3683324258D321B00538209 /* MenuService.swift in Sources */ = {isa = PBXBuildFile; fileRef = B3683323258D321B00538209 /* MenuService.swift */; };
		B36B1736258D35610022502A /* wall.json in Resources */ = {isa = PBXBuildFile; fileRef = B36B1735258D35610022502A /* wall.json */; };
		B391656C258D02C300A7FCD5 /* MenuItemSectionCollectionViewCell.swift in Sources */ = {isa = PBXBuildFile; fileRef = B391656B258D02C300A7FCD5 /* MenuItemSectionCollectionViewCell.swift */; };
		B3A8AABF258E36420005CF17 /* UserCart.swift in Sources */ = {isa = PBXBuildFile; fileRef = B3A8AABE258E36420005CF17 /* UserCart.swift */; };
		B3FA3187258CCEF50068D684 /* AppDelegate.swift in Sources */ = {isa = PBXBuildFile; fileRef = B3FA3186258CCEF50068D684 /* AppDelegate.swift */; };
		B3FA3189258CCEF50068D684 /* SceneDelegate.swift in Sources */ = {isa = PBXBuildFile; fileRef = B3FA3188258CCEF50068D684 /* SceneDelegate.swift */; };
		B3FA3190258CCEF60068D684 /* Assets.xcassets in Resources */ = {isa = PBXBuildFile; fileRef = B3FA318F258CCEF60068D684 /* Assets.xcassets */; };
		B3FA3193258CCEF60068D684 /* LaunchScreen.storyboard in Resources */ = {isa = PBXBuildFile; fileRef = B3FA3191258CCEF60068D684 /* LaunchScreen.storyboard */; };
		B3FA31A9258CD6D70068D684 /* MenuItemTableViewCell.swift in Sources */ = {isa = PBXBuildFile; fileRef = B3FA31A7258CD6D70068D684 /* MenuItemTableViewCell.swift */; };
		B3FA31AA258CD6D70068D684 /* MenuItemTableViewCell.xib in Resources */ = {isa = PBXBuildFile; fileRef = B3FA31A8258CD6D70068D684 /* MenuItemTableViewCell.xib */; };
		B3FA31AD258CDA110068D684 /* UIView+Layer.swift in Sources */ = {isa = PBXBuildFile; fileRef = B3FA31AC258CDA110068D684 /* UIView+Layer.swift */; };
		B3FA31B0258CDA310068D684 /* ObjectAssociation.swift in Sources */ = {isa = PBXBuildFile; fileRef = B3FA31AF258CDA310068D684 /* ObjectAssociation.swift */; };
		B3FA31B3258CDAEE0068D684 /* MenuItem.swift in Sources */ = {isa = PBXBuildFile; fileRef = B3FA31B2258CDAEE0068D684 /* MenuItem.swift */; };
		B3FA31B6258CDBAB0068D684 /* CodeView.swift in Sources */ = {isa = PBXBuildFile; fileRef = B3FA31B5258CDBAB0068D684 /* CodeView.swift */; };
		B3FA31B9258CDBDA0068D684 /* MenuViewController.swift in Sources */ = {isa = PBXBuildFile; fileRef = B3FA31B8258CDBDA0068D684 /* MenuViewController.swift */; };
		B3FA31BC258CDC790068D684 /* UIView+Constraints.swift in Sources */ = {isa = PBXBuildFile; fileRef = B3FA31BB258CDC790068D684 /* UIView+Constraints.swift */; };
		B3FA31C2258CDFE20068D684 /* Main.storyboard in Resources */ = {isa = PBXBuildFile; fileRef = B3FA31C0258CDFE20068D684 /* Main.storyboard */; };
		B3FA31D1258CE1490068D684 /* pizza2.jpeg in Resources */ = {isa = PBXBuildFile; fileRef = B3FA31C5258CE1490068D684 /* pizza2.jpeg */; };
		B3FA31D2258CE1490068D684 /* sushi4.jpg in Resources */ = {isa = PBXBuildFile; fileRef = B3FA31C6258CE1490068D684 /* sushi4.jpg */; };
		B3FA31D3258CE1490068D684 /* sushi1.jpeg in Resources */ = {isa = PBXBuildFile; fileRef = B3FA31C7258CE1490068D684 /* sushi1.jpeg */; };
		B3FA31D4258CE1490068D684 /* pizza3.jpeg in Resources */ = {isa = PBXBuildFile; fileRef = B3FA31C8258CE1490068D684 /* pizza3.jpeg */; };
		B3FA31D5258CE1490068D684 /* burger1.jpeg in Resources */ = {isa = PBXBuildFile; fileRef = B3FA31C9258CE1490068D684 /* burger1.jpeg */; };
		B3FA31D6258CE1490068D684 /* pizza4.jpeg in Resources */ = {isa = PBXBuildFile; fileRef = B3FA31CA258CE1490068D684 /* pizza4.jpeg */; };
		B3FA31D7258CE1490068D684 /* burger3.jpeg in Resources */ = {isa = PBXBuildFile; fileRef = B3FA31CB258CE1490068D684 /* burger3.jpeg */; };
		B3FA31D8258CE1490068D684 /* burger2.jpeg in Resources */ = {isa = PBXBuildFile; fileRef = B3FA31CC258CE1490068D684 /* burger2.jpeg */; };
		B3FA31D9258CE1490068D684 /* sushi2.jpeg in Resources */ = {isa = PBXBuildFile; fileRef = B3FA31CD258CE1490068D684 /* sushi2.jpeg */; };
		B3FA31DA258CE1490068D684 /* burger4.jpeg in Resources */ = {isa = PBXBuildFile; fileRef = B3FA31CE258CE1490068D684 /* burger4.jpeg */; };
		B3FA31DB258CE1490068D684 /* pizza1.jpeg in Resources */ = {isa = PBXBuildFile; fileRef = B3FA31CF258CE1490068D684 /* pizza1.jpeg */; };
		B3FA31DC258CE1490068D684 /* sushi3.jpeg in Resources */ = {isa = PBXBuildFile; fileRef = B3FA31D0258CE1490068D684 /* sushi3.jpeg */; };
		B3FA31DF258CE20A0068D684 /* UIView+Layout.swift in Sources */ = {isa = PBXBuildFile; fileRef = B3FA31DE258CE20A0068D684 /* UIView+Layout.swift */; };
		B3FA31E9258CF1CD0068D684 /* MenuDiscountsTableViewCell.swift in Sources */ = {isa = PBXBuildFile; fileRef = B3FA31E7258CF1CD0068D684 /* MenuDiscountsTableViewCell.swift */; };
		B3FA31EA258CF1CD0068D684 /* MenuDiscountsTableViewCell.xib in Resources */ = {isa = PBXBuildFile; fileRef = B3FA31E8258CF1CD0068D684 /* MenuDiscountsTableViewCell.xib */; };
		B3FA31ED258CF5B70068D684 /* MenuDiscountCollectionViewCell.swift in Sources */ = {isa = PBXBuildFile; fileRef = B3FA31EC258CF5B70068D684 /* MenuDiscountCollectionViewCell.swift */; };
		FF5D4F87759A51A58C163D63 /* Pods_DinDinn.framework in Frameworks */ = {isa = PBXBuildFile; fileRef = F1373A0455A9468B339181AC /* Pods_DinDinn.framework */; };
/* End PBXBuildFile section */

/* Begin PBXFileReference section */
		411282B7673E9646BF2CCA1F /* Pods-DinDinn.release.xcconfig */ = {isa = PBXFileReference; includeInIndex = 1; lastKnownFileType = text.xcconfig; name = "Pods-DinDinn.release.xcconfig"; path = "Target Support Files/Pods-DinDinn/Pods-DinDinn.release.xcconfig"; sourceTree = "<group>"; };
		A735BCDF36EC62C136F42753 /* Pods-DinDinn.debug.xcconfig */ = {isa = PBXFileReference; includeInIndex = 1; lastKnownFileType = text.xcconfig; name = "Pods-DinDinn.debug.xcconfig"; path = "Target Support Files/Pods-DinDinn/Pods-DinDinn.debug.xcconfig"; sourceTree = "<group>"; };
		B33A5F62258E38E1002A53CE /* UIApplication+Utility.swift */ = {isa = PBXFileReference; lastKnownFileType = sourcecode.swift; path = "UIApplication+Utility.swift"; sourceTree = "<group>"; };
		B33A5F6E258E4FF0002A53CE /* CartRouter.swift */ = {isa = PBXFileReference; lastKnownFileType = sourcecode.swift; path = CartRouter.swift; sourceTree = "<group>"; };
		B33A5F71258E5002002A53CE /* CartProtocols.swift */ = {isa = PBXFileReference; lastKnownFileType = sourcecode.swift; path = CartProtocols.swift; sourceTree = "<group>"; };
		B33A5F74258E5125002A53CE /* CartPresenter.swift */ = {isa = PBXFileReference; lastKnownFileType = sourcecode.swift; path = CartPresenter.swift; sourceTree = "<group>"; };
		B33A5F77258E5186002A53CE /* CartInteractor.swift */ = {isa = PBXFileReference; lastKnownFileType = sourcecode.swift; path = CartInteractor.swift; sourceTree = "<group>"; };
		B348F570258E59D800463B4B /* UIViewController+Utility.swift */ = {isa = PBXFileReference; lastKnownFileType = sourcecode.swift; path = "UIViewController+Utility.swift"; sourceTree = "<group>"; };
		B348F578258E6F7200463B4B /* MenuRouter.swift */ = {isa = PBXFileReference; lastKnownFileType = sourcecode.swift; path = MenuRouter.swift; sourceTree = "<group>"; };
		B348F57B258E6F7900463B4B /* MenuInteractor.swift */ = {isa = PBXFileReference; lastKnownFileType = sourcecode.swift; path = MenuInteractor.swift; sourceTree = "<group>"; };
		B348F57E258E6F8300463B4B /* MenuProtocols.swift */ = {isa = PBXFileReference; lastKnownFileType = sourcecode.swift; path = MenuProtocols.swift; sourceTree = "<group>"; };
		B348F581258E6F8A00463B4B /* MenuPresenter.swift */ = {isa = PBXFileReference; lastKnownFileType = sourcecode.swift; path = MenuPresenter.swift; sourceTree = "<group>"; };
		B3683310258D27DA00538209 /* CartViewController.swift */ = {isa = PBXFileReference; lastKnownFileType = sourcecode.swift; path = CartViewController.swift; sourceTree = "<group>"; };
		B3683314258D281000538209 /* CartItemTableViewCell.swift */ = {isa = PBXFileReference; lastKnownFileType = sourcecode.swift; path = CartItemTableViewCell.swift; sourceTree = "<group>"; };
		B3683315258D281000538209 /* CartItemTableViewCell.xib */ = {isa = PBXFileReference; lastKnownFileType = file.xib; path = CartItemTableViewCell.xib; sourceTree = "<group>"; };
		B368331A258D295300538209 /* CartTotalValueTableViewCell.swift */ = {isa = PBXFileReference; lastKnownFileType = sourcecode.swift; path = CartTotalValueTableViewCell.swift; sourceTree = "<group>"; };
		B368331B258D295300538209 /* CartTotalValueTableViewCell.xib */ = {isa = PBXFileReference; lastKnownFileType = file.xib; path = CartTotalValueTableViewCell.xib; sourceTree = "<group>"; };
		B3683323258D321B00538209 /* MenuService.swift */ = {isa = PBXFileReference; lastKnownFileType = sourcecode.swift; path = MenuService.swift; sourceTree = "<group>"; };
		B36B1735258D35610022502A /* wall.json */ = {isa = PBXFileReference; fileEncoding = 4; lastKnownFileType = text.json; path = wall.json; sourceTree = "<group>"; };
		B391656B258D02C300A7FCD5 /* MenuItemSectionCollectionViewCell.swift */ = {isa = PBXFileReference; lastKnownFileType = sourcecode.swift; path = MenuItemSectionCollectionViewCell.swift; sourceTree = "<group>"; };
		B3A8AABE258E36420005CF17 /* UserCart.swift */ = {isa = PBXFileReference; lastKnownFileType = sourcecode.swift; path = UserCart.swift; sourceTree = "<group>"; };
		B3FA3183258CCEF50068D684 /* DinDinn.app */ = {isa = PBXFileReference; explicitFileType = wrapper.application; includeInIndex = 0; path = DinDinn.app; sourceTree = BUILT_PRODUCTS_DIR; };
		B3FA3186258CCEF50068D684 /* AppDelegate.swift */ = {isa = PBXFileReference; lastKnownFileType = sourcecode.swift; path = AppDelegate.swift; sourceTree = "<group>"; };
		B3FA3188258CCEF50068D684 /* SceneDelegate.swift */ = {isa = PBXFileReference; lastKnownFileType = sourcecode.swift; path = SceneDelegate.swift; sourceTree = "<group>"; };
		B3FA318F258CCEF60068D684 /* Assets.xcassets */ = {isa = PBXFileReference; lastKnownFileType = folder.assetcatalog; path = Assets.xcassets; sourceTree = "<group>"; };
		B3FA3192258CCEF60068D684 /* Base */ = {isa = PBXFileReference; lastKnownFileType = file.storyboard; name = Base; path = Base.lproj/LaunchScreen.storyboard; sourceTree = "<group>"; };
		B3FA3194258CCEF60068D684 /* Info.plist */ = {isa = PBXFileReference; lastKnownFileType = text.plist.xml; path = Info.plist; sourceTree = "<group>"; };
		B3FA31A7258CD6D70068D684 /* MenuItemTableViewCell.swift */ = {isa = PBXFileReference; lastKnownFileType = sourcecode.swift; path = MenuItemTableViewCell.swift; sourceTree = "<group>"; };
		B3FA31A8258CD6D70068D684 /* MenuItemTableViewCell.xib */ = {isa = PBXFileReference; lastKnownFileType = file.xib; path = MenuItemTableViewCell.xib; sourceTree = "<group>"; };
		B3FA31AC258CDA110068D684 /* UIView+Layer.swift */ = {isa = PBXFileReference; lastKnownFileType = sourcecode.swift; path = "UIView+Layer.swift"; sourceTree = "<group>"; };
		B3FA31AF258CDA310068D684 /* ObjectAssociation.swift */ = {isa = PBXFileReference; lastKnownFileType = sourcecode.swift; path = ObjectAssociation.swift; sourceTree = "<group>"; };
		B3FA31B2258CDAEE0068D684 /* MenuItem.swift */ = {isa = PBXFileReference; lastKnownFileType = sourcecode.swift; path = MenuItem.swift; sourceTree = "<group>"; };
		B3FA31B5258CDBAB0068D684 /* CodeView.swift */ = {isa = PBXFileReference; lastKnownFileType = sourcecode.swift; path = CodeView.swift; sourceTree = "<group>"; };
		B3FA31B8258CDBDA0068D684 /* MenuViewController.swift */ = {isa = PBXFileReference; lastKnownFileType = sourcecode.swift; path = MenuViewController.swift; sourceTree = "<group>"; };
		B3FA31BB258CDC790068D684 /* UIView+Constraints.swift */ = {isa = PBXFileReference; lastKnownFileType = sourcecode.swift; path = "UIView+Constraints.swift"; sourceTree = "<group>"; };
		B3FA31C1258CDFE20068D684 /* Base */ = {isa = PBXFileReference; lastKnownFileType = file.storyboard; name = Base; path = Base.lproj/Main.storyboard; sourceTree = "<group>"; };
		B3FA31C5258CE1490068D684 /* pizza2.jpeg */ = {isa = PBXFileReference; lastKnownFileType = image.jpeg; path = pizza2.jpeg; sourceTree = "<group>"; };
		B3FA31C6258CE1490068D684 /* sushi4.jpg */ = {isa = PBXFileReference; lastKnownFileType = image.jpeg; path = sushi4.jpg; sourceTree = "<group>"; };
		B3FA31C7258CE1490068D684 /* sushi1.jpeg */ = {isa = PBXFileReference; lastKnownFileType = image.jpeg; path = sushi1.jpeg; sourceTree = "<group>"; };
		B3FA31C8258CE1490068D684 /* pizza3.jpeg */ = {isa = PBXFileReference; lastKnownFileType = image.jpeg; path = pizza3.jpeg; sourceTree = "<group>"; };
		B3FA31C9258CE1490068D684 /* burger1.jpeg */ = {isa = PBXFileReference; lastKnownFileType = image.jpeg; path = burger1.jpeg; sourceTree = "<group>"; };
		B3FA31CA258CE1490068D684 /* pizza4.jpeg */ = {isa = PBXFileReference; lastKnownFileType = image.jpeg; path = pizza4.jpeg; sourceTree = "<group>"; };
		B3FA31CB258CE1490068D684 /* burger3.jpeg */ = {isa = PBXFileReference; lastKnownFileType = image.jpeg; path = burger3.jpeg; sourceTree = "<group>"; };
		B3FA31CC258CE1490068D684 /* burger2.jpeg */ = {isa = PBXFileReference; lastKnownFileType = image.jpeg; path = burger2.jpeg; sourceTree = "<group>"; };
		B3FA31CD258CE1490068D684 /* sushi2.jpeg */ = {isa = PBXFileReference; lastKnownFileType = image.jpeg; path = sushi2.jpeg; sourceTree = "<group>"; };
		B3FA31CE258CE1490068D684 /* burger4.jpeg */ = {isa = PBXFileReference; lastKnownFileType = image.jpeg; path = burger4.jpeg; sourceTree = "<group>"; };
		B3FA31CF258CE1490068D684 /* pizza1.jpeg */ = {isa = PBXFileReference; lastKnownFileType = image.jpeg; path = pizza1.jpeg; sourceTree = "<group>"; };
		B3FA31D0258CE1490068D684 /* sushi3.jpeg */ = {isa = PBXFileReference; lastKnownFileType = image.jpeg; path = sushi3.jpeg; sourceTree = "<group>"; };
		B3FA31DE258CE20A0068D684 /* UIView+Layout.swift */ = {isa = PBXFileReference; lastKnownFileType = sourcecode.swift; path = "UIView+Layout.swift"; sourceTree = "<group>"; };
		B3FA31E7258CF1CD0068D684 /* MenuDiscountsTableViewCell.swift */ = {isa = PBXFileReference; lastKnownFileType = sourcecode.swift; path = MenuDiscountsTableViewCell.swift; sourceTree = "<group>"; };
		B3FA31E8258CF1CD0068D684 /* MenuDiscountsTableViewCell.xib */ = {isa = PBXFileReference; lastKnownFileType = file.xib; path = MenuDiscountsTableViewCell.xib; sourceTree = "<group>"; };
		B3FA31EC258CF5B70068D684 /* MenuDiscountCollectionViewCell.swift */ = {isa = PBXFileReference; lastKnownFileType = sourcecode.swift; path = MenuDiscountCollectionViewCell.swift; sourceTree = "<group>"; };
		F1373A0455A9468B339181AC /* Pods_DinDinn.framework */ = {isa = PBXFileReference; explicitFileType = wrapper.framework; includeInIndex = 0; path = Pods_DinDinn.framework; sourceTree = BUILT_PRODUCTS_DIR; };
/* End PBXFileReference section */

/* Begin PBXFrameworksBuildPhase section */
		B3FA3180258CCEF50068D684 /* Frameworks */ = {
			isa = PBXFrameworksBuildPhase;
			buildActionMask = 2147483647;
			files = (
				FF5D4F87759A51A58C163D63 /* Pods_DinDinn.framework in Frameworks */,
			);
			runOnlyForDeploymentPostprocessing = 0;
		};
/* End PBXFrameworksBuildPhase section */

/* Begin PBXGroup section */
		053FBD1577F35FE78E04A3B2 /* Pods */ = {
			isa = PBXGroup;
			children = (
				A735BCDF36EC62C136F42753 /* Pods-DinDinn.debug.xcconfig */,
				411282B7673E9646BF2CCA1F /* Pods-DinDinn.release.xcconfig */,
			);
			path = Pods;
			sourceTree = "<group>";
		};
		0BBE7A57DE6075397678B235 /* Frameworks */ = {
			isa = PBXGroup;
			children = (
				F1373A0455A9468B339181AC /* Pods_DinDinn.framework */,
			);
			name = Frameworks;
			sourceTree = "<group>";
		};
		B33A5F68258E4FAA002A53CE /* Protocols */ = {
			isa = PBXGroup;
			children = (
				B33A5F71258E5002002A53CE /* CartProtocols.swift */,
			);
			path = Protocols;
			sourceTree = "<group>";
		};
		B33A5F69258E4FB1002A53CE /* Presenter */ = {
			isa = PBXGroup;
			children = (
				B33A5F74258E5125002A53CE /* CartPresenter.swift */,
			);
			path = Presenter;
			sourceTree = "<group>";
		};
		B33A5F6A258E4FBA002A53CE /* Entity */ = {
			isa = PBXGroup;
			children = (
				B3A8AABE258E36420005CF17 /* UserCart.swift */,
			);
			path = Entity;
			sourceTree = "<group>";
		};
		B33A5F6B258E4FC0002A53CE /* Interactor */ = {
			isa = PBXGroup;
			children = (
				B33A5F77258E5186002A53CE /* CartInteractor.swift */,
			);
			path = Interactor;
			sourceTree = "<group>";
		};
		B33A5F6C258E4FC7002A53CE /* View */ = {
			isa = PBXGroup;
			children = (
				B3683313258D27FF00538209 /* Cells */,
				B3683310258D27DA00538209 /* CartViewController.swift */,
			);
			path = View;
			sourceTree = "<group>";
		};
		B33A5F6D258E4FD1002A53CE /* Router */ = {
			isa = PBXGroup;
			children = (
				B33A5F6E258E4FF0002A53CE /* CartRouter.swift */,
			);
			path = Router;
			sourceTree = "<group>";
		};
		B348F573258E6F3E00463B4B /* View */ = {
			isa = PBXGroup;
			children = (
				B3FA31EF258CF6DA0068D684 /* Cells */,
				B3FA31B8258CDBDA0068D684 /* MenuViewController.swift */,
			);
			path = View;
			sourceTree = "<group>";
		};
		B348F574258E6F4100463B4B /* Presenter */ = {
			isa = PBXGroup;
			children = (
				B348F581258E6F8A00463B4B /* MenuPresenter.swift */,
			);
			path = Presenter;
			sourceTree = "<group>";
		};
		B348F575258E6F5F00463B4B /* Protocols */ = {
			isa = PBXGroup;
			children = (
				B348F57E258E6F8300463B4B /* MenuProtocols.swift */,
			);
			path = Protocols;
			sourceTree = "<group>";
		};
		B348F576258E6F6400463B4B /* Interactor */ = {
			isa = PBXGroup;
			children = (
				B3683323258D321B00538209 /* MenuService.swift */,
				B348F57B258E6F7900463B4B /* MenuInteractor.swift */,
			);
			path = Interactor;
			sourceTree = "<group>";
		};
		B348F577258E6F6B00463B4B /* Router */ = {
			isa = PBXGroup;
			children = (
				B348F578258E6F7200463B4B /* MenuRouter.swift */,
			);
			path = Router;
			sourceTree = "<group>";
		};
		B348F584258E6F9600463B4B /* Entity */ = {
			isa = PBXGroup;
			children = (
				B3FA31B2258CDAEE0068D684 /* MenuItem.swift */,
			);
			path = Entity;
			sourceTree = "<group>";
		};
		B368330F258D27B300538209 /* Cart */ = {
			isa = PBXGroup;
			children = (
				B33A5F6C258E4FC7002A53CE /* View */,
				B33A5F6B258E4FC0002A53CE /* Interactor */,
				B33A5F69258E4FB1002A53CE /* Presenter */,
				B33A5F6A258E4FBA002A53CE /* Entity */,
				B33A5F6D258E4FD1002A53CE /* Router */,
				B33A5F68258E4FAA002A53CE /* Protocols */,
			);
			path = Cart;
			sourceTree = "<group>";
		};
		B3683313258D27FF00538209 /* Cells */ = {
			isa = PBXGroup;
			children = (
				B3683314258D281000538209 /* CartItemTableViewCell.swift */,
				B3683315258D281000538209 /* CartItemTableViewCell.xib */,
				B368331A258D295300538209 /* CartTotalValueTableViewCell.swift */,
				B368331B258D295300538209 /* CartTotalValueTableViewCell.xib */,
			);
			path = Cells;
			sourceTree = "<group>";
		};
		B3FA317A258CCEF50068D684 = {
			isa = PBXGroup;
			children = (
				B3FA3185258CCEF50068D684 /* DinDinn */,
				B3FA3184258CCEF50068D684 /* Products */,
				053FBD1577F35FE78E04A3B2 /* Pods */,
				0BBE7A57DE6075397678B235 /* Frameworks */,
			);
			sourceTree = "<group>";
		};
		B3FA3184258CCEF50068D684 /* Products */ = {
			isa = PBXGroup;
			children = (
				B3FA3183258CCEF50068D684 /* DinDinn.app */,
			);
			name = Products;
			sourceTree = "<group>";
		};
		B3FA3185258CCEF50068D684 /* DinDinn */ = {
			isa = PBXGroup;
			children = (
				B3FA31F2258CF7080068D684 /* SupportingFiles */,
				B3FA31F1258CF6FE0068D684 /* Modules */,
				B3FA31F0258CF6E50068D684 /* Extensions */,
				B3FA31C0258CDFE20068D684 /* Main.storyboard */,
				B3FA3194258CCEF60068D684 /* Info.plist */,
				B36B1735258D35610022502A /* wall.json */,
			);
			path = DinDinn;
			sourceTree = "<group>";
		};
		B3FA31C4258CE1490068D684 /* images */ = {
			isa = PBXGroup;
			children = (
				B3FA31C5258CE1490068D684 /* pizza2.jpeg */,
				B3FA31C6258CE1490068D684 /* sushi4.jpg */,
				B3FA31C7258CE1490068D684 /* sushi1.jpeg */,
				B3FA31C8258CE1490068D684 /* pizza3.jpeg */,
				B3FA31C9258CE1490068D684 /* burger1.jpeg */,
				B3FA31CA258CE1490068D684 /* pizza4.jpeg */,
				B3FA31CB258CE1490068D684 /* burger3.jpeg */,
				B3FA31CC258CE1490068D684 /* burger2.jpeg */,
				B3FA31CD258CE1490068D684 /* sushi2.jpeg */,
				B3FA31CE258CE1490068D684 /* burger4.jpeg */,
				B3FA31CF258CE1490068D684 /* pizza1.jpeg */,
				B3FA31D0258CE1490068D684 /* sushi3.jpeg */,
			);
			path = images;
			sourceTree = "<group>";
		};
		B3FA31EF258CF6DA0068D684 /* Cells */ = {
			isa = PBXGroup;
			children = (
				B3FA31A7258CD6D70068D684 /* MenuItemTableViewCell.swift */,
				B3FA31A8258CD6D70068D684 /* MenuItemTableViewCell.xib */,
				B3FA31E7258CF1CD0068D684 /* MenuDiscountsTableViewCell.swift */,
				B3FA31E8258CF1CD0068D684 /* MenuDiscountsTableViewCell.xib */,
				B3FA31EC258CF5B70068D684 /* MenuDiscountCollectionViewCell.swift */,
				B391656B258D02C300A7FCD5 /* MenuItemSectionCollectionViewCell.swift */,
			);
			path = Cells;
			sourceTree = "<group>";
		};
		B3FA31F0258CF6E50068D684 /* Extensions */ = {
			isa = PBXGroup;
			children = (
				B3FA31AC258CDA110068D684 /* UIView+Layer.swift */,
				B3FA31AF258CDA310068D684 /* ObjectAssociation.swift */,
				B3FA31B5258CDBAB0068D684 /* CodeView.swift */,
				B3FA31BB258CDC790068D684 /* UIView+Constraints.swift */,
				B3FA31DE258CE20A0068D684 /* UIView+Layout.swift */,
				B33A5F62258E38E1002A53CE /* UIApplication+Utility.swift */,
				B348F570258E59D800463B4B /* UIViewController+Utility.swift */,
			);
			path = Extensions;
			sourceTree = "<group>";
		};
		B3FA31F1258CF6FE0068D684 /* Modules */ = {
			isa = PBXGroup;
			children = (
				B368330F258D27B300538209 /* Cart */,
				B3FA31F3258CF7460068D684 /* Menu */,
			);
			path = Modules;
			sourceTree = "<group>";
		};
		B3FA31F2258CF7080068D684 /* SupportingFiles */ = {
			isa = PBXGroup;
			children = (
				B3FA3186258CCEF50068D684 /* AppDelegate.swift */,
				B3FA3188258CCEF50068D684 /* SceneDelegate.swift */,
				B3FA3191258CCEF60068D684 /* LaunchScreen.storyboard */,
				B3FA318F258CCEF60068D684 /* Assets.xcassets */,
				B3FA31C4258CE1490068D684 /* images */,
			);
			path = SupportingFiles;
			sourceTree = "<group>";
		};
		B3FA31F3258CF7460068D684 /* Menu */ = {
			isa = PBXGroup;
			children = (
				B348F573258E6F3E00463B4B /* View */,
				B348F576258E6F6400463B4B /* Interactor */,
				B348F575258E6F5F00463B4B /* Protocols */,
				B348F584258E6F9600463B4B /* Entity */,
				B348F577258E6F6B00463B4B /* Router */,
				B348F574258E6F4100463B4B /* Presenter */,
			);
			path = Menu;
			sourceTree = "<group>";
		};
/* End PBXGroup section */

/* Begin PBXNativeTarget section */
		B3FA3182258CCEF50068D684 /* DinDinn */ = {
			isa = PBXNativeTarget;
			buildConfigurationList = B3FA3197258CCEF60068D684 /* Build configuration list for PBXNativeTarget "DinDinn" */;
			buildPhases = (
				C95939EA5365631AEC689732 /* [CP] Check Pods Manifest.lock */,
				B3FA317F258CCEF50068D684 /* Sources */,
				B3FA3180258CCEF50068D684 /* Frameworks */,
				B3FA3181258CCEF50068D684 /* Resources */,
				68C6FF3FC64BAC1BA00ECE1D /* [CP] Embed Pods Frameworks */,
			);
			buildRules = (
			);
			dependencies = (
			);
			name = DinDinn;
			productName = DinDinn;
			productReference = B3FA3183258CCEF50068D684 /* DinDinn.app */;
			productType = "com.apple.product-type.application";
		};
/* End PBXNativeTarget section */

/* Begin PBXProject section */
		B3FA317B258CCEF50068D684 /* Project object */ = {
			isa = PBXProject;
			attributes = {
				LastSwiftUpdateCheck = 1220;
				LastUpgradeCheck = 1220;
				TargetAttributes = {
					B3FA3182258CCEF50068D684 = {
						CreatedOnToolsVersion = 12.2;
					};
				};
			};
			buildConfigurationList = B3FA317E258CCEF50068D684 /* Build configuration list for PBXProject "DinDinn" */;
			compatibilityVersion = "Xcode 9.3";
			developmentRegion = en;
			hasScannedForEncodings = 0;
			knownRegions = (
				en,
				Base,
			);
			mainGroup = B3FA317A258CCEF50068D684;
			productRefGroup = B3FA3184258CCEF50068D684 /* Products */;
			projectDirPath = "";
			projectRoot = "";
			targets = (
				B3FA3182258CCEF50068D684 /* DinDinn */,
			);
		};
/* End PBXProject section */

/* Begin PBXResourcesBuildPhase section */
		B3FA3181258CCEF50068D684 /* Resources */ = {
			isa = PBXResourcesBuildPhase;
			buildActionMask = 2147483647;
			files = (
				B3FA31D7258CE1490068D684 /* burger3.jpeg in Resources */,
				B3FA31D9258CE1490068D684 /* sushi2.jpeg in Resources */,
				B3FA31EA258CF1CD0068D684 /* MenuDiscountsTableViewCell.xib in Resources */,
				B3FA31D4258CE1490068D684 /* pizza3.jpeg in Resources */,
				B3FA31D6258CE1490068D684 /* pizza4.jpeg in Resources */,
				B368331D258D295300538209 /* CartTotalValueTableViewCell.xib in Resources */,
				B3FA31D1258CE1490068D684 /* pizza2.jpeg in Resources */,
				B3FA3193258CCEF60068D684 /* LaunchScreen.storyboard in Resources */,
				B3FA31D8258CE1490068D684 /* burger2.jpeg in Resources */,
				B3FA31DA258CE1490068D684 /* burger4.jpeg in Resources */,
				B3FA31AA258CD6D70068D684 /* MenuItemTableViewCell.xib in Resources */,
				B3683317258D281000538209 /* CartItemTableViewCell.xib in Resources */,
				B3FA3190258CCEF60068D684 /* Assets.xcassets in Resources */,
				B36B1736258D35610022502A /* wall.json in Resources */,
				B3FA31C2258CDFE20068D684 /* Main.storyboard in Resources */,
				B3FA31D3258CE1490068D684 /* sushi1.jpeg in Resources */,
				B3FA31DB258CE1490068D684 /* pizza1.jpeg in Resources */,
				B3FA31D2258CE1490068D684 /* sushi4.jpg in Resources */,
				B3FA31DC258CE1490068D684 /* sushi3.jpeg in Resources */,
				B3FA31D5258CE1490068D684 /* burger1.jpeg in Resources */,
			);
			runOnlyForDeploymentPostprocessing = 0;
		};
/* End PBXResourcesBuildPhase section */

/* Begin PBXShellScriptBuildPhase section */
		68C6FF3FC64BAC1BA00ECE1D /* [CP] Embed Pods Frameworks */ = {
			isa = PBXShellScriptBuildPhase;
			buildActionMask = 2147483647;
			files = (
			);
			inputFileListPaths = (
				"${PODS_ROOT}/Target Support Files/Pods-DinDinn/Pods-DinDinn-frameworks-${CONFIGURATION}-input-files.xcfilelist",
			);
			name = "[CP] Embed Pods Frameworks";
			outputFileListPaths = (
				"${PODS_ROOT}/Target Support Files/Pods-DinDinn/Pods-DinDinn-frameworks-${CONFIGURATION}-output-files.xcfilelist",
			);
			runOnlyForDeploymentPostprocessing = 0;
			shellPath = /bin/sh;
			shellScript = "\"${PODS_ROOT}/Target Support Files/Pods-DinDinn/Pods-DinDinn-frameworks.sh\"\n";
			showEnvVarsInLog = 0;
		};
		C95939EA5365631AEC689732 /* [CP] Check Pods Manifest.lock */ = {
			isa = PBXShellScriptBuildPhase;
			buildActionMask = 2147483647;
			files = (
			);
			inputFileListPaths = (
			);
			inputPaths = (
				"${PODS_PODFILE_DIR_PATH}/Podfile.lock",
				"${PODS_ROOT}/Manifest.lock",
			);
			name = "[CP] Check Pods Manifest.lock";
			outputFileListPaths = (
			);
			outputPaths = (
				"$(DERIVED_FILE_DIR)/Pods-DinDinn-checkManifestLockResult.txt",
			);
			runOnlyForDeploymentPostprocessing = 0;
			shellPath = /bin/sh;
			shellScript = "diff \"${PODS_PODFILE_DIR_PATH}/Podfile.lock\" \"${PODS_ROOT}/Manifest.lock\" > /dev/null\nif [ $? != 0 ] ; then\n    # print error to STDERR\n    echo \"error: The sandbox is not in sync with the Podfile.lock. Run 'pod install' or update your CocoaPods installation.\" >&2\n    exit 1\nfi\n# This output is used by Xcode 'outputs' to avoid re-running this script phase.\necho \"SUCCESS\" > \"${SCRIPT_OUTPUT_FILE_0}\"\n";
			showEnvVarsInLog = 0;
		};
/* End PBXShellScriptBuildPhase section */

/* Begin PBXSourcesBuildPhase section */
		B3FA317F258CCEF50068D684 /* Sources */ = {
			isa = PBXSourcesBuildPhase;
			buildActionMask = 2147483647;
			files = (
				B3FA31B3258CDAEE0068D684 /* MenuItem.swift in Sources */,
				B3FA31B0258CDA310068D684 /* ObjectAssociation.swift in Sources */,
				B3683311258D27DA00538209 /* CartViewController.swift in Sources */,
				B3683324258D321B00538209 /* MenuService.swift in Sources */,
				B3FA31A9258CD6D70068D684 /* MenuItemTableViewCell.swift in Sources */,
				B348F571258E59D800463B4B /* UIViewController+Utility.swift in Sources */,
				B348F57F258E6F8300463B4B /* MenuProtocols.swift in Sources */,
				B33A5F63258E38E1002A53CE /* UIApplication+Utility.swift in Sources */,
				B3FA31E9258CF1CD0068D684 /* MenuDiscountsTableViewCell.swift in Sources */,
				B348F579258E6F7200463B4B /* MenuRouter.swift in Sources */,
				B391656C258D02C300A7FCD5 /* MenuItemSectionCollectionViewCell.swift in Sources */,
				B33A5F78258E5186002A53CE /* CartInteractor.swift in Sources */,
				B33A5F75258E5125002A53CE /* CartPresenter.swift in Sources */,
				B3FA31ED258CF5B70068D684 /* MenuDiscountCollectionViewCell.swift in Sources */,
				B3FA31B9258CDBDA0068D684 /* MenuViewController.swift in Sources */,
				B33A5F6F258E4FF0002A53CE /* CartRouter.swift in Sources */,
				B348F57C258E6F7900463B4B /* MenuInteractor.swift in Sources */,
				B3FA31DF258CE20A0068D684 /* UIView+Layout.swift in Sources */,
				B3A8AABF258E36420005CF17 /* UserCart.swift in Sources */,
				B3FA3187258CCEF50068D684 /* AppDelegate.swift in Sources */,
				B3FA3189258CCEF50068D684 /* SceneDelegate.swift in Sources */,
				B3FA31BC258CDC790068D684 /* UIView+Constraints.swift in Sources */,
				B3FA31AD258CDA110068D684 /* UIView+Layer.swift in Sources */,
				B3FA31B6258CDBAB0068D684 /* CodeView.swift in Sources */,
				B33A5F72258E5002002A53CE /* CartProtocols.swift in Sources */,
				B368331C258D295300538209 /* CartTotalValueTableViewCell.swift in Sources */,
				B3683316258D281000538209 /* CartItemTableViewCell.swift in Sources */,
				B348F582258E6F8A00463B4B /* MenuPresenter.swift in Sources */,
			);
			runOnlyForDeploymentPostprocessing = 0;
		};
/* End PBXSourcesBuildPhase section */

/* Begin PBXVariantGroup section */
		B3FA3191258CCEF60068D684 /* LaunchScreen.storyboard */ = {
			isa = PBXVariantGroup;
			children = (
				B3FA3192258CCEF60068D684 /* Base */,
			);
			name = LaunchScreen.storyboard;
			sourceTree = "<group>";
		};
		B3FA31C0258CDFE20068D684 /* Main.storyboard */ = {
			isa = PBXVariantGroup;
			children = (
				B3FA31C1258CDFE20068D684 /* Base */,
			);
			name = Main.storyboard;
			sourceTree = "<group>";
		};
/* End PBXVariantGroup section */

/* Begin XCBuildConfiguration section */
		B3FA3195258CCEF60068D684 /* Debug */ = {
			isa = XCBuildConfiguration;
			buildSettings = {
				ALWAYS_SEARCH_USER_PATHS = NO;
				CLANG_ANALYZER_NONNULL = YES;
				CLANG_ANALYZER_NUMBER_OBJECT_CONVERSION = YES_AGGRESSIVE;
				CLANG_CXX_LANGUAGE_STANDARD = "gnu++14";
				CLANG_CXX_LIBRARY = "libc++";
				CLANG_ENABLE_MODULES = YES;
				CLANG_ENABLE_OBJC_ARC = YES;
				CLANG_ENABLE_OBJC_WEAK = YES;
				CLANG_WARN_BLOCK_CAPTURE_AUTORELEASING = YES;
				CLANG_WARN_BOOL_CONVERSION = YES;
				CLANG_WARN_COMMA = YES;
				CLANG_WARN_CONSTANT_CONVERSION = YES;
				CLANG_WARN_DEPRECATED_OBJC_IMPLEMENTATIONS = YES;
				CLANG_WARN_DIRECT_OBJC_ISA_USAGE = YES_ERROR;
				CLANG_WARN_DOCUMENTATION_COMMENTS = YES;
				CLANG_WARN_EMPTY_BODY = YES;
				CLANG_WARN_ENUM_CONVERSION = YES;
				CLANG_WARN_INFINITE_RECURSION = YES;
				CLANG_WARN_INT_CONVERSION = YES;
				CLANG_WARN_NON_LITERAL_NULL_CONVERSION = YES;
				CLANG_WARN_OBJC_IMPLICIT_RETAIN_SELF = YES;
				CLANG_WARN_OBJC_LITERAL_CONVERSION = YES;
				CLANG_WARN_OBJC_ROOT_CLASS = YES_ERROR;
				CLANG_WARN_QUOTED_INCLUDE_IN_FRAMEWORK_HEADER = YES;
				CLANG_WARN_RANGE_LOOP_ANALYSIS = YES;
				CLANG_WARN_STRICT_PROTOTYPES = YES;
				CLANG_WARN_SUSPICIOUS_MOVE = YES;
				CLANG_WARN_UNGUARDED_AVAILABILITY = YES_AGGRESSIVE;
				CLANG_WARN_UNREACHABLE_CODE = YES;
				CLANG_WARN__DUPLICATE_METHOD_MATCH = YES;
				COPY_PHASE_STRIP = NO;
				DEBUG_INFORMATION_FORMAT = dwarf;
				ENABLE_STRICT_OBJC_MSGSEND = YES;
				ENABLE_TESTABILITY = YES;
				GCC_C_LANGUAGE_STANDARD = gnu11;
				GCC_DYNAMIC_NO_PIC = NO;
				GCC_NO_COMMON_BLOCKS = YES;
				GCC_OPTIMIZATION_LEVEL = 0;
				GCC_PREPROCESSOR_DEFINITIONS = (
					"DEBUG=1",
					"$(inherited)",
				);
				GCC_WARN_64_TO_32_BIT_CONVERSION = YES;
				GCC_WARN_ABOUT_RETURN_TYPE = YES_ERROR;
				GCC_WARN_UNDECLARED_SELECTOR = YES;
				GCC_WARN_UNINITIALIZED_AUTOS = YES_AGGRESSIVE;
				GCC_WARN_UNUSED_FUNCTION = YES;
				GCC_WARN_UNUSED_VARIABLE = YES;
				IPHONEOS_DEPLOYMENT_TARGET = 14.2;
				MTL_ENABLE_DEBUG_INFO = INCLUDE_SOURCE;
				MTL_FAST_MATH = YES;
				ONLY_ACTIVE_ARCH = YES;
				SDKROOT = iphoneos;
				SWIFT_ACTIVE_COMPILATION_CONDITIONS = DEBUG;
				SWIFT_OPTIMIZATION_LEVEL = "-Onone";
			};
			name = Debug;
		};
		B3FA3196258CCEF60068D684 /* Release */ = {
			isa = XCBuildConfiguration;
			buildSettings = {
				ALWAYS_SEARCH_USER_PATHS = NO;
				CLANG_ANALYZER_NONNULL = YES;
				CLANG_ANALYZER_NUMBER_OBJECT_CONVERSION = YES_AGGRESSIVE;
				CLANG_CXX_LANGUAGE_STANDARD = "gnu++14";
				CLANG_CXX_LIBRARY = "libc++";
				CLANG_ENABLE_MODULES = YES;
				CLANG_ENABLE_OBJC_ARC = YES;
				CLANG_ENABLE_OBJC_WEAK = YES;
				CLANG_WARN_BLOCK_CAPTURE_AUTORELEASING = YES;
				CLANG_WARN_BOOL_CONVERSION = YES;
				CLANG_WARN_COMMA = YES;
				CLANG_WARN_CONSTANT_CONVERSION = YES;
				CLANG_WARN_DEPRECATED_OBJC_IMPLEMENTATIONS = YES;
				CLANG_WARN_DIRECT_OBJC_ISA_USAGE = YES_ERROR;
				CLANG_WARN_DOCUMENTATION_COMMENTS = YES;
				CLANG_WARN_EMPTY_BODY = YES;
				CLANG_WARN_ENUM_CONVERSION = YES;
				CLANG_WARN_INFINITE_RECURSION = YES;
				CLANG_WARN_INT_CONVERSION = YES;
				CLANG_WARN_NON_LITERAL_NULL_CONVERSION = YES;
				CLANG_WARN_OBJC_IMPLICIT_RETAIN_SELF = YES;
				CLANG_WARN_OBJC_LITERAL_CONVERSION = YES;
				CLANG_WARN_OBJC_ROOT_CLASS = YES_ERROR;
				CLANG_WARN_QUOTED_INCLUDE_IN_FRAMEWORK_HEADER = YES;
				CLANG_WARN_RANGE_LOOP_ANALYSIS = YES;
				CLANG_WARN_STRICT_PROTOTYPES = YES;
				CLANG_WARN_SUSPICIOUS_MOVE = YES;
				CLANG_WARN_UNGUARDED_AVAILABILITY = YES_AGGRESSIVE;
				CLANG_WARN_UNREACHABLE_CODE = YES;
				CLANG_WARN__DUPLICATE_METHOD_MATCH = YES;
				COPY_PHASE_STRIP = NO;
				DEBUG_INFORMATION_FORMAT = "dwarf-with-dsym";
				ENABLE_NS_ASSERTIONS = NO;
				ENABLE_STRICT_OBJC_MSGSEND = YES;
				GCC_C_LANGUAGE_STANDARD = gnu11;
				GCC_NO_COMMON_BLOCKS = YES;
				GCC_WARN_64_TO_32_BIT_CONVERSION = YES;
				GCC_WARN_ABOUT_RETURN_TYPE = YES_ERROR;
				GCC_WARN_UNDECLARED_SELECTOR = YES;
				GCC_WARN_UNINITIALIZED_AUTOS = YES_AGGRESSIVE;
				GCC_WARN_UNUSED_FUNCTION = YES;
				GCC_WARN_UNUSED_VARIABLE = YES;
				IPHONEOS_DEPLOYMENT_TARGET = 14.2;
				MTL_ENABLE_DEBUG_INFO = NO;
				MTL_FAST_MATH = YES;
				SDKROOT = iphoneos;
				SWIFT_COMPILATION_MODE = wholemodule;
				SWIFT_OPTIMIZATION_LEVEL = "-O";
				VALIDATE_PRODUCT = YES;
			};
			name = Release;
		};
		B3FA3198258CCEF60068D684 /* Debug */ = {
			isa = XCBuildConfiguration;
			baseConfigurationReference = A735BCDF36EC62C136F42753 /* Pods-DinDinn.debug.xcconfig */;
			buildSettings = {
				ASSETCATALOG_COMPILER_APPICON_NAME = AppIcon;
				ASSETCATALOG_COMPILER_GLOBAL_ACCENT_COLOR_NAME = AccentColor;
				CODE_SIGN_STYLE = Automatic;
				DEVELOPMENT_TEAM = 54HDDP27D9;
				INFOPLIST_FILE = DinDinn/Info.plist;
				LD_RUNPATH_SEARCH_PATHS = (
					"$(inherited)",
					"@executable_path/Frameworks",
				);
				PRODUCT_BUNDLE_IDENTIFIER = com.DinDinn;
				PRODUCT_NAME = "$(TARGET_NAME)";
				SWIFT_VERSION = 5.0;
				TARGETED_DEVICE_FAMILY = "1,2";
			};
			name = Debug;
		};
		B3FA3199258CCEF60068D684 /* Release */ = {
			isa = XCBuildConfiguration;
			baseConfigurationReference = 411282B7673E9646BF2CCA1F /* Pods-DinDinn.release.xcconfig */;
			buildSettings = {
				ASSETCATALOG_COMPILER_APPICON_NAME = AppIcon;
				ASSETCATALOG_COMPILER_GLOBAL_ACCENT_COLOR_NAME = AccentColor;
				CODE_SIGN_STYLE = Automatic;
				DEVELOPMENT_TEAM = 54HDDP27D9;
				INFOPLIST_FILE = DinDinn/Info.plist;
				LD_RUNPATH_SEARCH_PATHS = (
					"$(inherited)",
					"@executable_path/Frameworks",
				);
				PRODUCT_BUNDLE_IDENTIFIER = com.DinDinn;
				PRODUCT_NAME = "$(TARGET_NAME)";
				SWIFT_VERSION = 5.0;
				TARGETED_DEVICE_FAMILY = "1,2";
			};
			name = Release;
		};
/* End XCBuildConfiguration section */

/* Begin XCConfigurationList section */
		B3FA317E258CCEF50068D684 /* Build configuration list for PBXProject "DinDinn" */ = {
			isa = XCConfigurationList;
			buildConfigurations = (
				B3FA3195258CCEF60068D684 /* Debug */,
				B3FA3196258CCEF60068D684 /* Release */,
			);
			defaultConfigurationIsVisible = 0;
			defaultConfigurationName = Release;
		};
		B3FA3197258CCEF60068D684 /* Build configuration list for PBXNativeTarget "DinDinn" */ = {
			isa = XCConfigurationList;
			buildConfigurations = (
				B3FA3198258CCEF60068D684 /* Debug */,
				B3FA3199258CCEF60068D684 /* Release */,
			);
			defaultConfigurationIsVisible = 0;
			defaultConfigurationName = Release;
		};
/* End XCConfigurationList section */
	};
	rootObject = B3FA317B258CCEF50068D684 /* Project object */;
}
